
Microsoft Visual Studio Solution File, Format Version 12.00
# Visual Studio 14
VisualStudioVersion = 14.0.25123.0
MinimumVisualStudioVersion = 10.0.40219.1
Project("{8BC9CEB8-8B4A-11D0-8D11-00A0C91BC942}") = "chatters", "chatters\chatters.vcxproj", "{E665F18F-E5BF-4721-A992-2F1A7E307D85}"
EndProject
Project("{8BC9CEB8-8B4A-11D0-8D11-00A0C91BC942}") = "chClient", "chClient\chClient.vcxproj", "{8041E8FF-405B-4919-B165-24C0E4A52148}"
EndProject
Project("{8BC9CEB8-8B4A-11D0-8D11-00A0C91BC942}") = "chServer", "chServer\chServer.vcxproj", "{72E037A2-2F45-4E89-842F-9853302AC0D9}"
EndProject
Project("{8BC9CEB8-8B4A-11D0-8D11-00A0C91BC942}") = "PacketBuilder", "PacketBuilder\PacketBuilder.vcxproj", "{7E015A09-C25C-4B5A-B30C-FE49AE89A114}"
EndProject
Project("{8BC9CEB8-8B4A-11D0-8D11-00A0C91BC942}") = "_testProj", "_testProj\_testProj.vcxproj", "{DB82692D-48FF-48A3-9191-AC345C38B762}"
EndProject
Project("{8BC9CEB8-8B4A-11D0-8D11-00A0C91BC942}") = "_testStorage", "_testStorage\_testStorage.vcxproj", "{7C462B84-CA01-4EA4-BB0F-C29E7BCB2E35}"
EndProject
Global
	GlobalSection(SolutionConfigurationPlatforms) = preSolution
		Debug|Win32 = Debug|Win32
		Debug|x64 = Debug|x64
		Release|Win32 = Release|Win32
		Release|x64 = Release|x64
	EndGlobalSection
	GlobalSection(ProjectConfigurationPlatforms) = postSolution
		{E665F18F-E5BF-4721-A992-2F1A7E307D85}.Debug|Win32.ActiveCfg = Debug|Win32
		{E665F18F-E5BF-4721-A992-2F1A7E307D85}.Debug|Win32.Build.0 = Debug|Win32
		{E665F18F-E5BF-4721-A992-2F1A7E307D85}.Debug|x64.ActiveCfg = Debug|Win32
		{E665F18F-E5BF-4721-A992-2F1A7E307D85}.Release|Win32.ActiveCfg = Release|Win32
		{E665F18F-E5BF-4721-A992-2F1A7E307D85}.Release|Win32.Build.0 = Release|Win32
		{E665F18F-E5BF-4721-A992-2F1A7E307D85}.Release|x64.ActiveCfg = Release|Win32
		{8041E8FF-405B-4919-B165-24C0E4A52148}.Debug|Win32.ActiveCfg = Debug|Win32
		{8041E8FF-405B-4919-B165-24C0E4A52148}.Debug|Win32.Build.0 = Debug|Win32
		{8041E8FF-405B-4919-B165-24C0E4A52148}.Debug|x64.ActiveCfg = Debug|x64
		{8041E8FF-405B-4919-B165-24C0E4A52148}.Debug|x64.Build.0 = Debug|x64
		{8041E8FF-405B-4919-B165-24C0E4A52148}.Release|Win32.ActiveCfg = Release|Win32
		{8041E8FF-405B-4919-B165-24C0E4A52148}.Release|Win32.Build.0 = Release|Win32
		{8041E8FF-405B-4919-B165-24C0E4A52148}.Release|x64.ActiveCfg = Release|x64
		{8041E8FF-405B-4919-B165-24C0E4A52148}.Release|x64.Build.0 = Release|x64
		{72E037A2-2F45-4E89-842F-9853302AC0D9}.Debug|Win32.ActiveCfg = Debug|Win32
		{72E037A2-2F45-4E89-842F-9853302AC0D9}.Debug|Win32.Build.0 = Debug|Win32
		{72E037A2-2F45-4E89-842F-9853302AC0D9}.Debug|x64.ActiveCfg = Debug|x64
		{72E037A2-2F45-4E89-842F-9853302AC0D9}.Debug|x64.Build.0 = Debug|x64
		{72E037A2-2F45-4E89-842F-9853302AC0D9}.Release|Win32.ActiveCfg = Release|Win32
		{72E037A2-2F45-4E89-842F-9853302AC0D9}.Release|Win32.Build.0 = Release|Win32
		{72E037A2-2F45-4E89-842F-9853302AC0D9}.Release|x64.ActiveCfg = Release|x64
		{72E037A2-2F45-4E89-842F-9853302AC0D9}.Release|x64.Build.0 = Release|x64
		{7E015A09-C25C-4B5A-B30C-FE49AE89A114}.Debug|Win32.ActiveCfg = Debug|Win32
		{7E015A09-C25C-4B5A-B30C-FE49AE89A114}.Debug|Win32.Build.0 = Debug|Win32
		{7E015A09-C25C-4B5A-B30C-FE49AE89A114}.Debug|x64.ActiveCfg = Debug|x64
		{7E015A09-C25C-4B5A-B30C-FE49AE89A114}.Debug|x64.Build.0 = Debug|x64
		{7E015A09-C25C-4B5A-B30C-FE49AE89A114}.Release|Win32.ActiveCfg = Release|Win32
		{7E015A09-C25C-4B5A-B30C-FE49AE89A114}.Release|Win32.Build.0 = Release|Win32
		{7E015A09-C25C-4B5A-B30C-FE49AE89A114}.Release|x64.ActiveCfg = Release|x64
		{7E015A09-C25C-4B5A-B30C-FE49AE89A114}.Release|x64.Build.0 = Release|x64
		{DB82692D-48FF-48A3-9191-AC345C38B762}.Debug|Win32.ActiveCfg = Debug|Win32
		{DB82692D-48FF-48A3-9191-AC345C38B762}.Debug|Win32.Build.0 = Debug|Win32
		{DB82692D-48FF-48A3-9191-AC345C38B762}.Debug|x64.ActiveCfg = Debug|x64
		{DB82692D-48FF-48A3-9191-AC345C38B762}.Debug|x64.Build.0 = Debug|x64
		{DB82692D-48FF-48A3-9191-AC345C38B762}.Release|Win32.ActiveCfg = Release|Win32
		{DB82692D-48FF-48A3-9191-AC345C38B762}.Release|Win32.Build.0 = Release|Win32
		{DB82692D-48FF-48A3-9191-AC345C38B762}.Release|x64.ActiveCfg = Release|x64
		{DB82692D-48FF-48A3-9191-AC345C38B762}.Release|x64.Build.0 = Release|x64
		{7C462B84-CA01-4EA4-BB0F-C29E7BCB2E35}.Debug|Win32.ActiveCfg = Debug|Win32
		{7C462B84-CA01-4EA4-BB0F-C29E7BCB2E35}.Debug|Win32.Build.0 = Debug|Win32
		{7C462B84-CA01-4EA4-BB0F-C29E7BCB2E35}.Debug|x64.ActiveCfg = Debug|x64
		{7C462B84-CA01-4EA4-BB0F-C29E7BCB2E35}.Debug|x64.Build.0 = Debug|x64
		{7C462B84-CA01-4EA4-BB0F-C29E7BCB2E35}.Release|Win32.ActiveCfg = Release|Win32
		{7C462B84-CA01-4EA4-BB0F-C29E7BCB2E35}.Release|Win32.Build.0 = Release|Win32
		{7C462B84-CA01-4EA4-BB0F-C29E7BCB2E35}.Release|x64.ActiveCfg = Release|x64
		{7C462B84-CA01-4EA4-BB0F-C29E7BCB2E35}.Release|x64.Build.0 = Release|x64
	EndGlobalSection
	GlobalSection(SolutionProperties) = preSolution
		HideSolutionNode = FALSE
	EndGlobalSection
EndGlobal
